// !$*UTF8*$!
{
	archiveVersion = 1;
	classes = {
	};
	objectVersion = 55;
	objects = {

/* Begin PBXBuildFile section */
		D695860627A57DA900CBB3FD /* PCPortalClockApp.swift in Sources */ = {isa = PBXBuildFile; fileRef = D695860527A57DA900CBB3FD /* PCPortalClockApp.swift */; };
		D695860827A57DA900CBB3FD /* ContentView.swift in Sources */ = {isa = PBXBuildFile; fileRef = D695860727A57DA900CBB3FD /* ContentView.swift */; };
		D695860A27A57DAB00CBB3FD /* Assets.xcassets in Resources */ = {isa = PBXBuildFile; fileRef = D695860927A57DAB00CBB3FD /* Assets.xcassets */; };
		D695860D27A57DAB00CBB3FD /* Preview Assets.xcassets in Resources */ = {isa = PBXBuildFile; fileRef = D695860C27A57DAB00CBB3FD /* Preview Assets.xcassets */; };
		D695861727A57DAB00CBB3FD /* PCPortalClockTests.swift in Sources */ = {isa = PBXBuildFile; fileRef = D695861627A57DAB00CBB3FD /* PCPortalClockTests.swift */; };
		D695862127A57DAB00CBB3FD /* PCPortalClockUITests.swift in Sources */ = {isa = PBXBuildFile; fileRef = D695862027A57DAB00CBB3FD /* PCPortalClockUITests.swift */; };
		D695862327A57DAB00CBB3FD /* PCPortalClockUITestsLaunchTests.swift in Sources */ = {isa = PBXBuildFile; fileRef = D695862227A57DAB00CBB3FD /* PCPortalClockUITestsLaunchTests.swift */; };
/* End PBXBuildFile section */

/* Begin PBXContainerItemProxy section */
		D695861327A57DAB00CBB3FD /* PBXContainerItemProxy */ = {
			isa = PBXContainerItemProxy;
			containerPortal = D69585FA27A57DA900CBB3FD /* Project object */;
			proxyType = 1;
			remoteGlobalIDString = D695860127A57DA900CBB3FD;
			remoteInfo = PCPortalClock;
		};
		D695861D27A57DAB00CBB3FD /* PBXContainerItemProxy */ = {
			isa = PBXContainerItemProxy;
			containerPortal = D69585FA27A57DA900CBB3FD /* Project object */;
			proxyType = 1;
			remoteGlobalIDString = D695860127A57DA900CBB3FD;
			remoteInfo = PCPortalClock;
		};
/* End PBXContainerItemProxy section */

/* Begin PBXFileReference section */
		D695860227A57DA900CBB3FD /* PCPortalClock.app */ = {isa = PBXFileReference; explicitFileType = wrapper.application; includeInIndex = 0; path = PCPortalClock.app; sourceTree = BUILT_PRODUCTS_DIR; };
		D695860527A57DA900CBB3FD /* PCPortalClockApp.swift */ = {isa = PBXFileReference; lastKnownFileType = sourcecode.swift; path = PCPortalClockApp.swift; sourceTree = "<group>"; };
		D695860727A57DA900CBB3FD /* ContentView.swift */ = {isa = PBXFileReference; lastKnownFileType = sourcecode.swift; path = ContentView.swift; sourceTree = "<group>"; };
		D695860927A57DAB00CBB3FD /* Assets.xcassets */ = {isa = PBXFileReference; lastKnownFileType = folder.assetcatalog; path = Assets.xcassets; sourceTree = "<group>"; };
		D695860C27A57DAB00CBB3FD /* Preview Assets.xcassets */ = {isa = PBXFileReference; lastKnownFileType = folder.assetcatalog; path = "Preview Assets.xcassets"; sourceTree = "<group>"; };
		D695861227A57DAB00CBB3FD /* PCPortalClockTests.xctest */ = {isa = PBXFileReference; explicitFileType = wrapper.cfbundle; includeInIndex = 0; path = PCPortalClockTests.xctest; sourceTree = BUILT_PRODUCTS_DIR; };
		D695861627A57DAB00CBB3FD /* PCPortalClockTests.swift */ = {isa = PBXFileReference; lastKnownFileType = sourcecode.swift; path = PCPortalClockTests.swift; sourceTree = "<group>"; };
		D695861C27A57DAB00CBB3FD /* PCPortalClockUITests.xctest */ = {isa = PBXFileReference; explicitFileType = wrapper.cfbundle; includeInIndex = 0; path = PCPortalClockUITests.xctest; sourceTree = BUILT_PRODUCTS_DIR; };
		D695862027A57DAB00CBB3FD /* PCPortalClockUITests.swift */ = {isa = PBXFileReference; lastKnownFileType = sourcecode.swift; path = PCPortalClockUITests.swift; sourceTree = "<group>"; };
		D695862227A57DAB00CBB3FD /* PCPortalClockUITestsLaunchTests.swift */ = {isa = PBXFileReference; lastKnownFileType = sourcecode.swift; path = PCPortalClockUITestsLaunchTests.swift; sourceTree = "<group>"; };
/* End PBXFileReference section */

/* Begin PBXFrameworksBuildPhase section */
		D69585FF27A57DA900CBB3FD /* Frameworks */ = {
			isa = PBXFrameworksBuildPhase;
			buildActionMask = 2147483647;
			files = (
			);
			runOnlyForDeploymentPostprocessing = 0;
		};
		D695860F27A57DAB00CBB3FD /* Frameworks */ = {
			isa = PBXFrameworksBuildPhase;
			buildActionMask = 2147483647;
			files = (
			);
			runOnlyForDeploymentPostprocessing = 0;
		};
		D695861927A57DAB00CBB3FD /* Frameworks */ = {
			isa = PBXFrameworksBuildPhase;
			buildActionMask = 2147483647;
			files = (
			);
			runOnlyForDeploymentPostprocessing = 0;
		};
/* End PBXFrameworksBuildPhase section */

/* Begin PBXGroup section */
		D69585F927A57DA900CBB3FD = {
			isa = PBXGroup;
			children = (
				D695860427A57DA900CBB3FD /* PCPortalClock */,
				D695861527A57DAB00CBB3FD /* PCPortalClockTests */,
				D695861F27A57DAB00CBB3FD /* PCPortalClockUITests */,
				D695860327A57DA900CBB3FD /* Products */,
			);
			sourceTree = "<group>";
		};
		D695860327A57DA900CBB3FD /* Products */ = {
			isa = PBXGroup;
			children = (
				D695860227A57DA900CBB3FD /* PCPortalClock.app */,
				D695861227A57DAB00CBB3FD /* PCPortalClockTests.xctest */,
				D695861C27A57DAB00CBB3FD /* PCPortalClockUITests.xctest */,
			);
			name = Products;
			sourceTree = "<group>";
		};
		D695860427A57DA900CBB3FD /* PCPortalClock */ = {
			isa = PBXGroup;
			children = (
				D695860527A57DA900CBB3FD /* PCPortalClockApp.swift */,
				D695860727A57DA900CBB3FD /* ContentView.swift */,
				D695860927A57DAB00CBB3FD /* Assets.xcassets */,
				D695860B27A57DAB00CBB3FD /* Preview Content */,
			);
			path = PCPortalClock;
			sourceTree = "<group>";
		};
		D695860B27A57DAB00CBB3FD /* Preview Content */ = {
			isa = PBXGroup;
			children = (
				D695860C27A57DAB00CBB3FD /* Preview Assets.xcassets */,
			);
			path = "Preview Content";
			sourceTree = "<group>";
		};
		D695861527A57DAB00CBB3FD /* PCPortalClockTests */ = {
			isa = PBXGroup;
			children = (
				D695861627A57DAB00CBB3FD /* PCPortalClockTests.swift */,
			);
			path = PCPortalClockTests;
			sourceTree = "<group>";
		};
		D695861F27A57DAB00CBB3FD /* PCPortalClockUITests */ = {
			isa = PBXGroup;
			children = (
				D695862027A57DAB00CBB3FD /* PCPortalClockUITests.swift */,
				D695862227A57DAB00CBB3FD /* PCPortalClockUITestsLaunchTests.swift */,
			);
			path = PCPortalClockUITests;
			sourceTree = "<group>";
		};
/* End PBXGroup section */

/* Begin PBXNativeTarget section */
		D695860127A57DA900CBB3FD /* PCPortalClock */ = {
			isa = PBXNativeTarget;
			buildConfigurationList = D695862627A57DAB00CBB3FD /* Build configuration list for PBXNativeTarget "PCPortalClock" */;
			buildPhases = (
				D69585FE27A57DA900CBB3FD /* Sources */,
				D69585FF27A57DA900CBB3FD /* Frameworks */,
				D695860027A57DA900CBB3FD /* Resources */,
			);
			buildRules = (
			);
			dependencies = (
			);
			name = PCPortalClock;
			productName = PCPortalClock;
			productReference = D695860227A57DA900CBB3FD /* PCPortalClock.app */;
			productType = "com.apple.product-type.application";
		};
		D695861127A57DAB00CBB3FD /* PCPortalClockTests */ = {
			isa = PBXNativeTarget;
			buildConfigurationList = D695862927A57DAB00CBB3FD /* Build configuration list for PBXNativeTarget "PCPortalClockTests" */;
			buildPhases = (
				D695860E27A57DAB00CBB3FD /* Sources */,
				D695860F27A57DAB00CBB3FD /* Frameworks */,
				D695861027A57DAB00CBB3FD /* Resources */,
			);
			buildRules = (
			);
			dependencies = (
				D695861427A57DAB00CBB3FD /* PBXTargetDependency */,
			);
			name = PCPortalClockTests;
			productName = PCPortalClockTests;
			productReference = D695861227A57DAB00CBB3FD /* PCPortalClockTests.xctest */;
			productType = "com.apple.product-type.bundle.unit-test";
		};
		D695861B27A57DAB00CBB3FD /* PCPortalClockUITests */ = {
			isa = PBXNativeTarget;
			buildConfigurationList = D695862C27A57DAB00CBB3FD /* Build configuration list for PBXNativeTarget "PCPortalClockUITests" */;
			buildPhases = (
				D695861827A57DAB00CBB3FD /* Sources */,
				D695861927A57DAB00CBB3FD /* Frameworks */,
				D695861A27A57DAB00CBB3FD /* Resources */,
			);
			buildRules = (
			);
			dependencies = (
				D695861E27A57DAB00CBB3FD /* PBXTargetDependency */,
			);
			name = PCPortalClockUITests;
			productName = PCPortalClockUITests;
			productReference = D695861C27A57DAB00CBB3FD /* PCPortalClockUITests.xctest */;
			productType = "com.apple.product-type.bundle.ui-testing";
		};
/* End PBXNativeTarget section */

/* Begin PBXProject section */
		D69585FA27A57DA900CBB3FD /* Project object */ = {
			isa = PBXProject;
			attributes = {
				BuildIndependentTargetsInParallel = 1;
				LastSwiftUpdateCheck = 1320;
				LastUpgradeCheck = 1320;
				TargetAttributes = {
					D695860127A57DA900CBB3FD = {
						CreatedOnToolsVersion = 13.2.1;
					};
					D695861127A57DAB00CBB3FD = {
						CreatedOnToolsVersion = 13.2.1;
						TestTargetID = D695860127A57DA900CBB3FD;
					};
					D695861B27A57DAB00CBB3FD = {
						CreatedOnToolsVersion = 13.2.1;
						TestTargetID = D695860127A57DA900CBB3FD;
					};
				};
			};
			buildConfigurationList = D69585FD27A57DA900CBB3FD /* Build configuration list for PBXProject "PCPortalClock" */;
			compatibilityVersion = "Xcode 13.0";
			developmentRegion = en;
			hasScannedForEncodings = 0;
			knownRegions = (
				en,
				Base,
			);
			mainGroup = D69585F927A57DA900CBB3FD;
			productRefGroup = D695860327A57DA900CBB3FD /* Products */;
			projectDirPath = "";
			projectRoot = "";
			targets = (
				D695860127A57DA900CBB3FD /* PCPortalClock */,
				D695861127A57DAB00CBB3FD /* PCPortalClockTests */,
				D695861B27A57DAB00CBB3FD /* PCPortalClockUITests */,
			);
		};
/* End PBXProject section */

/* Begin PBXResourcesBuildPhase section */
		D695860027A57DA900CBB3FD /* Resources */ = {
			isa = PBXResourcesBuildPhase;
			buildActionMask = 2147483647;
			files = (
				D695860D27A57DAB00CBB3FD /* Preview Assets.xcassets in Resources */,
				D695860A27A57DAB00CBB3FD /* Assets.xcassets in Resources */,
			);
			runOnlyForDeploymentPostprocessing = 0;
		};
		D695861027A57DAB00CBB3FD /* Resources */ = {
			isa = PBXResourcesBuildPhase;
			buildActionMask = 2147483647;
			files = (
			);
			runOnlyForDeploymentPostprocessing = 0;
		};
		D695861A27A57DAB00CBB3FD /* Resources */ = {
			isa = PBXResourcesBuildPhase;
			buildActionMask = 2147483647;
			files = (
			);
			runOnlyForDeploymentPostprocessing = 0;
		};
/* End PBXResourcesBuildPhase section */

/* Begin PBXSourcesBuildPhase section */
		D69585FE27A57DA900CBB3FD /* Sources */ = {
			isa = PBXSourcesBuildPhase;
			buildActionMask = 2147483647;
			files = (
				D695860827A57DA900CBB3FD /* ContentView.swift in Sources */,
				D695860627A57DA900CBB3FD /* PCPortalClockApp.swift in Sources */,
			);
			runOnlyForDeploymentPostprocessing = 0;
		};
		D695860E27A57DAB00CBB3FD /* Sources */ = {
			isa = PBXSourcesBuildPhase;
			buildActionMask = 2147483647;
			files = (
				D695861727A57DAB00CBB3FD /* PCPortalClockTests.swift in Sources */,
			);
			runOnlyForDeploymentPostprocessing = 0;
		};
		D695861827A57DAB00CBB3FD /* Sources */ = {
			isa = PBXSourcesBuildPhase;
			buildActionMask = 2147483647;
			files = (
				D695862327A57DAB00CBB3FD /* PCPortalClockUITestsLaunchTests.swift in Sources */,
				D695862127A57DAB00CBB3FD /* PCPortalClockUITests.swift in Sources */,
			);
			runOnlyForDeploymentPostprocessing = 0;
		};
/* End PBXSourcesBuildPhase section */

/* Begin PBXTargetDependency section */
		D695861427A57DAB00CBB3FD /* PBXTargetDependency */ = {
			isa = PBXTargetDependency;
			target = D695860127A57DA900CBB3FD /* PCPortalClock */;
			targetProxy = D695861327A57DAB00CBB3FD /* PBXContainerItemProxy */;
		};
		D695861E27A57DAB00CBB3FD /* PBXTargetDependency */ = {
			isa = PBXTargetDependency;
			target = D695860127A57DA900CBB3FD /* PCPortalClock */;
			targetProxy = D695861D27A57DAB00CBB3FD /* PBXContainerItemProxy */;
		};
/* End PBXTargetDependency section */

/* Begin XCBuildConfiguration section */
		D695862427A57DAB00CBB3FD /* Debug */ = {
			isa = XCBuildConfiguration;
			buildSettings = {
				ALWAYS_SEARCH_USER_PATHS = NO;
				CLANG_ANALYZER_NONNULL = YES;
				CLANG_ANALYZER_NUMBER_OBJECT_CONVERSION = YES_AGGRESSIVE;
				CLANG_CXX_LANGUAGE_STANDARD = "gnu++17";
				CLANG_CXX_LIBRARY = "libc++";
				CLANG_ENABLE_MODULES = YES;
				CLANG_ENABLE_OBJC_ARC = YES;
				CLANG_ENABLE_OBJC_WEAK = YES;
				CLANG_WARN_BLOCK_CAPTURE_AUTORELEASING = YES;
				CLANG_WARN_BOOL_CONVERSION = YES;
				CLANG_WARN_COMMA = YES;
				CLANG_WARN_CONSTANT_CONVERSION = YES;
				CLANG_WARN_DEPRECATED_OBJC_IMPLEMENTATIONS = YES;
				CLANG_WARN_DIRECT_OBJC_ISA_USAGE = YES_ERROR;
				CLANG_WARN_DOCUMENTATION_COMMENTS = YES;
				CLANG_WARN_EMPTY_BODY = YES;
				CLANG_WARN_ENUM_CONVERSION = YES;
				CLANG_WARN_INFINITE_RECURSION = YES;
				CLANG_WARN_INT_CONVERSION = YES;
				CLANG_WARN_NON_LITERAL_NULL_CONVERSION = YES;
				CLANG_WARN_OBJC_IMPLICIT_RETAIN_SELF = YES;
				CLANG_WARN_OBJC_LITERAL_CONVERSION = YES;
				CLANG_WARN_OBJC_ROOT_CLASS = YES_ERROR;
				CLANG_WARN_QUOTED_INCLUDE_IN_FRAMEWORK_HEADER = YES;
				CLANG_WARN_RANGE_LOOP_ANALYSIS = YES;
				CLANG_WARN_STRICT_PROTOTYPES = YES;
				CLANG_WARN_SUSPICIOUS_MOVE = YES;
				CLANG_WARN_UNGUARDED_AVAILABILITY = YES_AGGRESSIVE;
				CLANG_WARN_UNREACHABLE_CODE = YES;
				CLANG_WARN__DUPLICATE_METHOD_MATCH = YES;
				COPY_PHASE_STRIP = NO;
				DEBUG_INFORMATION_FORMAT = dwarf;
				ENABLE_STRICT_OBJC_MSGSEND = YES;
				ENABLE_TESTABILITY = YES;
				GCC_C_LANGUAGE_STANDARD = gnu11;
				GCC_DYNAMIC_NO_PIC = NO;
				GCC_NO_COMMON_BLOCKS = YES;
				GCC_OPTIMIZATION_LEVEL = 0;
				GCC_PREPROCESSOR_DEFINITIONS = (
					"DEBUG=1",
					"$(inherited)",
				);
				GCC_WARN_64_TO_32_BIT_CONVERSION = YES;
				GCC_WARN_ABOUT_RETURN_TYPE = YES_ERROR;
				GCC_WARN_UNDECLARED_SELECTOR = YES;
				GCC_WARN_UNINITIALIZED_AUTOS = YES_AGGRESSIVE;
				GCC_WARN_UNUSED_FUNCTION = YES;
				GCC_WARN_UNUSED_VARIABLE = YES;
				IPHONEOS_DEPLOYMENT_TARGET = 15.2;
				MTL_ENABLE_DEBUG_INFO = INCLUDE_SOURCE;
				MTL_FAST_MATH = YES;
				ONLY_ACTIVE_ARCH = YES;
				SDKROOT = iphoneos;
				SWIFT_ACTIVE_COMPILATION_CONDITIONS = DEBUG;
				SWIFT_OPTIMIZATION_LEVEL = "-Onone";
			};
			name = Debug;
		};
		D695862527A57DAB00CBB3FD /* Release */ = {
			isa = XCBuildConfiguration;
			buildSettings = {
				ALWAYS_SEARCH_USER_PATHS = NO;
				CLANG_ANALYZER_NONNULL = YES;
				CLANG_ANALYZER_NUMBER_OBJECT_CONVERSION = YES_AGGRESSIVE;
				CLANG_CXX_LANGUAGE_STANDARD = "gnu++17";
				CLANG_CXX_LIBRARY = "libc++";
				CLANG_ENABLE_MODULES = YES;
				CLANG_ENABLE_OBJC_ARC = YES;
				CLANG_ENABLE_OBJC_WEAK = YES;
				CLANG_WARN_BLOCK_CAPTURE_AUTORELEASING = YES;
				CLANG_WARN_BOOL_CONVERSION = YES;
				CLANG_WARN_COMMA = YES;
				CLANG_WARN_CONSTANT_CONVERSION = YES;
				CLANG_WARN_DEPRECATED_OBJC_IMPLEMENTATIONS = YES;
				CLANG_WARN_DIRECT_OBJC_ISA_USAGE = YES_ERROR;
				CLANG_WARN_DOCUMENTATION_COMMENTS = YES;
				CLANG_WARN_EMPTY_BODY = YES;
				CLANG_WARN_ENUM_CONVERSION = YES;
				CLANG_WARN_INFINITE_RECURSION = YES;
				CLANG_WARN_INT_CONVERSION = YES;
				CLANG_WARN_NON_LITERAL_NULL_CONVERSION = YES;
				CLANG_WARN_OBJC_IMPLICIT_RETAIN_SELF = YES;
				CLANG_WARN_OBJC_LITERAL_CONVERSION = YES;
				CLANG_WARN_OBJC_ROOT_CLASS = YES_ERROR;
				CLANG_WARN_QUOTED_INCLUDE_IN_FRAMEWORK_HEADER = YES;
				CLANG_WARN_RANGE_LOOP_ANALYSIS = YES;
				CLANG_WARN_STRICT_PROTOTYPES = YES;
				CLANG_WARN_SUSPICIOUS_MOVE = YES;
				CLANG_WARN_UNGUARDED_AVAILABILITY = YES_AGGRESSIVE;
				CLANG_WARN_UNREACHABLE_CODE = YES;
				CLANG_WARN__DUPLICATE_METHOD_MATCH = YES;
				COPY_PHASE_STRIP = NO;
				DEBUG_INFORMATION_FORMAT = "dwarf-with-dsym";
				ENABLE_NS_ASSERTIONS = NO;
				ENABLE_STRICT_OBJC_MSGSEND = YES;
				GCC_C_LANGUAGE_STANDARD = gnu11;
				GCC_NO_COMMON_BLOCKS = YES;
				GCC_WARN_64_TO_32_BIT_CONVERSION = YES;
				GCC_WARN_ABOUT_RETURN_TYPE = YES_ERROR;
				GCC_WARN_UNDECLARED_SELECTOR = YES;
				GCC_WARN_UNINITIALIZED_AUTOS = YES_AGGRESSIVE;
				GCC_WARN_UNUSED_FUNCTION = YES;
				GCC_WARN_UNUSED_VARIABLE = YES;
				IPHONEOS_DEPLOYMENT_TARGET = 15.2;
				MTL_ENABLE_DEBUG_INFO = NO;
				MTL_FAST_MATH = YES;
				SDKROOT = iphoneos;
				SWIFT_COMPILATION_MODE = wholemodule;
				SWIFT_OPTIMIZATION_LEVEL = "-O";
				VALIDATE_PRODUCT = YES;
			};
			name = Release;
		};
		D695862727A57DAB00CBB3FD /* Debug */ = {
			isa = XCBuildConfiguration;
			buildSettings = {
				ASSETCATALOG_COMPILER_APPICON_NAME = AppIcon;
				ASSETCATALOG_COMPILER_GLOBAL_ACCENT_COLOR_NAME = AccentColor;
				CODE_SIGN_STYLE = Automatic;
				CURRENT_PROJECT_VERSION = 1;
				DEVELOPMENT_ASSET_PATHS = "\"PCPortalClock/Preview Content\"";
				DEVELOPMENT_TEAM = K6LJCT8RAA;
				ENABLE_PREVIEWS = YES;
				GENERATE_INFOPLIST_FILE = YES;
				INFOPLIST_KEY_UIApplicationSceneManifest_Generation = YES;
				INFOPLIST_KEY_UIApplicationSupportsIndirectInputEvents = YES;
				INFOPLIST_KEY_UILaunchScreen_Generation = YES;
				INFOPLIST_KEY_UISupportedInterfaceOrientations_iPad = "UIInterfaceOrientationPortrait UIInterfaceOrientationPortraitUpsideDown UIInterfaceOrientationLandscapeLeft UIInterfaceOrientationLandscapeRight";
				INFOPLIST_KEY_UISupportedInterfaceOrientations_iPhone = "UIInterfaceOrientationPortrait UIInterfaceOrientationLandscapeLeft UIInterfaceOrientationLandscapeRight";
				LD_RUNPATH_SEARCH_PATHS = (
					"$(inherited)",
					"@executable_path/Frameworks",
				);
				MARKETING_VERSION = 1.0;
				PRODUCT_BUNDLE_IDENTIFIER = com.PCPortalClock;
				PRODUCT_NAME = "$(TARGET_NAME)";
				SWIFT_EMIT_LOC_STRINGS = YES;
				SWIFT_VERSION = 5.0;
				TARGETED_DEVICE_FAMILY = "1,2";
			};
			name = Debug;
		};
		D695862827A57DAB00CBB3FD /* Release */ = {
			isa = XCBuildConfiguration;
			buildSettings = {
				ASSETCATALOG_COMPILER_APPICON_NAME = AppIcon;
				ASSETCATALOG_COMPILER_GLOBAL_ACCENT_COLOR_NAME = AccentColor;
				CODE_SIGN_STYLE = Automatic;
				CURRENT_PROJECT_VERSION = 1;
				DEVELOPMENT_ASSET_PATHS = "\"PCPortalClock/Preview Content\"";
				DEVELOPMENT_TEAM = K6LJCT8RAA;
				ENABLE_PREVIEWS = YES;
				GENERATE_INFOPLIST_FILE = YES;
				INFOPLIST_KEY_UIApplicationSceneManifest_Generation = YES;
				INFOPLIST_KEY_UIApplicationSupportsIndirectInputEvents = YES;
				INFOPLIST_KEY_UILaunchScreen_Generation = YES;
				INFOPLIST_KEY_UISupportedInterfaceOrientations_iPad = "UIInterfaceOrientationPortrait UIInterfaceOrientationPortraitUpsideDown UIInterfaceOrientationLandscapeLeft UIInterfaceOrientationLandscapeRight";
				INFOPLIST_KEY_UISupportedInterfaceOrientations_iPhone = "UIInterfaceOrientationPortrait UIInterfaceOrientationLandscapeLeft UIInterfaceOrientationLandscapeRight";
				LD_RUNPATH_SEARCH_PATHS = (
					"$(inherited)",
					"@executable_path/Frameworks",
				);
				MARKETING_VERSION = 1.0;
				PRODUCT_BUNDLE_IDENTIFIER = com.PCPortalClock;
				PRODUCT_NAME = "$(TARGET_NAME)";
				SWIFT_EMIT_LOC_STRINGS = YES;
				SWIFT_VERSION = 5.0;
				TARGETED_DEVICE_FAMILY = "1,2";
			};
			name = Release;
		};
		D695862A27A57DAB00CBB3FD /* Debug */ = {
			isa = XCBuildConfiguration;
			buildSettings = {
				ALWAYS_EMBED_SWIFT_STANDARD_LIBRARIES = YES;
				BUNDLE_LOADER = "$(TEST_HOST)";
				CODE_SIGN_STYLE = Automatic;
				CURRENT_PROJECT_VERSION = 1;
				DEVELOPMENT_TEAM = K6LJCT8RAA;
				GENERATE_INFOPLIST_FILE = YES;
				IPHONEOS_DEPLOYMENT_TARGET = 15.2;
				MARKETING_VERSION = 1.0;
				PRODUCT_BUNDLE_IDENTIFIER = com.PCPortalClockTests;
				PRODUCT_NAME = "$(TARGET_NAME)";
				SWIFT_EMIT_LOC_STRINGS = NO;
				SWIFT_VERSION = 5.0;
				TARGETED_DEVICE_FAMILY = "1,2";
				TEST_HOST = "$(BUILT_PRODUCTS_DIR)/PCPortalClock.app/PCPortalClock";
			};
			name = Debug;
		};
		D695862B27A57DAB00CBB3FD /* Release */ = {
			isa = XCBuildConfiguration;
			buildSettings = {
				ALWAYS_EMBED_SWIFT_STANDARD_LIBRARIES = YES;
				BUNDLE_LOADER = "$(TEST_HOST)";
				CODE_SIGN_STYLE = Automatic;
				CURRENT_PROJECT_VERSION = 1;
				DEVELOPMENT_TEAM = K6LJCT8RAA;
				GENERATE_INFOPLIST_FILE = YES;
				IPHONEOS_DEPLOYMENT_TARGET = 15.2;
				MARKETING_VERSION = 1.0;
				PRODUCT_BUNDLE_IDENTIFIER = com.PCPortalClockTests;
				PRODUCT_NAME = "$(TARGET_NAME)";
				SWIFT_EMIT_LOC_STRINGS = NO;
				SWIFT_VERSION = 5.0;
				TARGETED_DEVICE_FAMILY = "1,2";
				TEST_HOST = "$(BUILT_PRODUCTS_DIR)/PCPortalClock.app/PCPortalClock";
			};
			name = Release;
		};
		D695862D27A57DAB00CBB3FD /* Debug */ = {
			isa = XCBuildConfiguration;
			buildSettings = {
				ALWAYS_EMBED_SWIFT_STANDARD_LIBRARIES = YES;
				CODE_SIGN_STYLE = Automatic;
				CURRENT_PROJECT_VERSION = 1;
				DEVELOPMENT_TEAM = K6LJCT8RAA;
				GENERATE_INFOPLIST_FILE = YES;
				MARKETING_VERSION = 1.0;
				PRODUCT_BUNDLE_IDENTIFIER = com.PCPortalClockUITests;
				PRODUCT_NAME = "$(TARGET_NAME)";
				SWIFT_EMIT_LOC_STRINGS = NO;
				SWIFT_VERSION = 5.0;
				TARGETED_DEVICE_FAMILY = "1,2";
				TEST_TARGET_NAME = PCPortalClock;
			};
			name = Debug;
		};
		D695862E27A57DAB00CBB3FD /* Release */ = {
			isa = XCBuildConfiguration;
			buildSettings = {
				ALWAYS_EMBED_SWIFT_STANDARD_LIBRARIES = YES;
				CODE_SIGN_STYLE = Automatic;
				CURRENT_PROJECT_VERSION = 1;
				DEVELOPMENT_TEAM = K6LJCT8RAA;
				GENERATE_INFOPLIST_FILE = YES;
				MARKETING_VERSION = 1.0;
				PRODUCT_BUNDLE_IDENTIFIER = com.PCPortalClockUITests;
				PRODUCT_NAME = "$(TARGET_NAME)";
				SWIFT_EMIT_LOC_STRINGS = NO;
				SWIFT_VERSION = 5.0;
				TARGETED_DEVICE_FAMILY = "1,2";
				TEST_TARGET_NAME = PCPortalClock;
			};
			name = Release;
		};
/* End XCBuildConfiguration section */

/* Begin XCConfigurationList section */
		D69585FD27A57DA900CBB3FD /* Build configuration list for PBXProject "PCPortalClock" */ = {
			isa = XCConfigurationList;
			buildConfigurations = (
				D695862427A57DAB00CBB3FD /* Debug */,
				D695862527A57DAB00CBB3FD /* Release */,
			);
			defaultConfigurationIsVisible = 0;
			defaultConfigurationName = Release;
		};
		D695862627A57DAB00CBB3FD /* Build configuration list for PBXNativeTarget "PCPortalClock" */ = {
			isa = XCConfigurationList;
			buildConfigurations = (
				D695862727A57DAB00CBB3FD /* Debug */,
				D695862827A57DAB00CBB3FD /* Release */,
			);
			defaultConfigurationIsVisible = 0;
			defaultConfigurationName = Release;
		};
		D695862927A57DAB00CBB3FD /* Build configuration list for PBXNativeTarget "PCPortalClockTests" */ = {
			isa = XCConfigurationList;
			buildConfigurations = (
				D695862A27A57DAB00CBB3FD /* Debug */,
				D695862B27A57DAB00CBB3FD /* Release */,
			);
			defaultConfigurationIsVisible = 0;
			defaultConfigurationName = Release;
		};
		D695862C27A57DAB00CBB3FD /* Build configuration list for PBXNativeTarget "PCPortalClockUITests" */ = {
			isa = XCConfigurationList;
			buildConfigurations = (
				D695862D27A57DAB00CBB3FD /* Debug */,
				D695862E27A57DAB00CBB3FD /* Release */,
			);
			defaultConfigurationIsVisible = 0;
			defaultConfigurationName = Release;
		};
/* End XCConfigurationList section */
	};
	rootObject = D69585FA27A57DA900CBB3FD /* Project object */;
}
